
Microsoft Visual Studio Solution File, Format Version 12.00
# Visual Studio Version 17
VisualStudioVersion = 17.13.35806.99
MinimumVisualStudioVersion = 10.0.40219.1
Project("{FAE04EC0-301F-11D3-BF4B-00C04F79EFBC}") = "Week13_new_self_auth", "Week13_new_self_auth.csproj", "{250FAE1E-9C0C-4EB0-B8D6-A9272D8566FF}"
EndProject
Global
	GlobalSection(SolutionConfigurationPlatforms) = preSolution
		Debug|Any CPU = Debug|Any CPU
		Release|Any CPU = Release|Any CPU
	EndGlobalSection
	GlobalSection(ProjectConfigurationPlatforms) = postSolution
		{250FAE1E-9C0C-4EB0-B8D6-A9272D8566FF}.Debug|Any CPU.ActiveCfg = Debug|Any CPU
		{250FAE1E-9C0C-4EB0-B8D6-A9272D8566FF}.Debug|Any CPU.Build.0 = Debug|Any CPU
		{250FAE1E-9C0C-4EB0-B8D6-A9272D8566FF}.Release|Any CPU.ActiveCfg = Release|Any CPU
		{250FAE1E-9C0C-4EB0-B8D6-A9272D8566FF}.Release|Any CPU.Build.0 = Release|Any CPU
	EndGlobalSection
	GlobalSection(SolutionProperties) = preSolution
		HideSolutionNode = FALSE
	EndGlobalSection
	GlobalSection(ExtensibilityGlobals) = postSolution
		SolutionGuid = {FA8D9557-427A-4888-ADEA-228836F4E620}
	EndGlobalSection
EndGlobal
