
Microsoft Visual Studio Solution File, Format Version 12.00
# Visual Studio Version 17
VisualStudioVersion = 17.9.34622.214
MinimumVisualStudioVersion = 10.0.40219.1
Project("{9A19103F-16F7-4668-BE54-9A1E7A4F7556}") = "hafta5", "hafta5.csproj", "{21A59F22-5BCC-4227-A204-9E7797416787}"
EndProject
Project("{FAE04EC0-301F-11D3-BF4B-00C04F79EFBC}") = "Hafta5Ornek2", "..\Hafta5Ornek2\Hafta5Ornek2.csproj", "{6317BD52-3337-4839-91BF-0056AFEE69B9}"
EndProject
Global
	GlobalSection(SolutionConfigurationPlatforms) = preSolution
		Debug|Any CPU = Debug|Any CPU
		Release|Any CPU = Release|Any CPU
	EndGlobalSection
	GlobalSection(ProjectConfigurationPlatforms) = postSolution
		{21A59F22-5BCC-4227-A204-9E7797416787}.Debug|Any CPU.ActiveCfg = Debug|Any CPU
		{21A59F22-5BCC-4227-A204-9E7797416787}.Debug|Any CPU.Build.0 = Debug|Any CPU
		{21A59F22-5BCC-4227-A204-9E7797416787}.Release|Any CPU.ActiveCfg = Release|Any CPU
		{21A59F22-5BCC-4227-A204-9E7797416787}.Release|Any CPU.Build.0 = Release|Any CPU
		{6317BD52-3337-4839-91BF-0056AFEE69B9}.Debug|Any CPU.ActiveCfg = Debug|Any CPU
		{6317BD52-3337-4839-91BF-0056AFEE69B9}.Debug|Any CPU.Build.0 = Debug|Any CPU
		{6317BD52-3337-4839-91BF-0056AFEE69B9}.Release|Any CPU.ActiveCfg = Release|Any CPU
		{6317BD52-3337-4839-91BF-0056AFEE69B9}.Release|Any CPU.Build.0 = Release|Any CPU
	EndGlobalSection
	GlobalSection(SolutionProperties) = preSolution
		HideSolutionNode = FALSE
	EndGlobalSection
	GlobalSection(ExtensibilityGlobals) = postSolution
		SolutionGuid = {78D7E653-35DD-402D-894A-64FC8170BCB5}
	EndGlobalSection
EndGlobal
